
Microsoft Visual Studio Solution File, Format Version 12.00
# Visual Studio Version 17
VisualStudioVersion = 17.0.31903.59
MinimumVisualStudioVersion = 10.0.40219.1
Project("{FAE04EC0-301F-11D3-BF4B-00C04F79EFBC}") = "SieveOfEratosthenes", "SieveOfEratosthenes\SieveOfEratosthenes.csproj", "{A1ABFF9D-13CC-477C-85EA-36FB024DB71B}"
EndProject
Project("{FAE04EC0-301F-11D3-BF4B-00C04F79EFBC}") = "SieveOfEratosthenes.Tests", "SieveOfEratosthenes.Tests\SieveOfEratosthenes.Tests.csproj", "{6AFBEC83-15A4-45FF-A67F-4D7500DA28F1}"
EndProject
Global
	GlobalSection(SolutionConfigurationPlatforms) = preSolution
		Debug|Any CPU = Debug|Any CPU
		Release|Any CPU = Release|Any CPU
	EndGlobalSection
	GlobalSection(SolutionProperties) = preSolution
		HideSolutionNode = FALSE
	EndGlobalSection
	GlobalSection(ProjectConfigurationPlatforms) = postSolution
		{A1ABFF9D-13CC-477C-85EA-36FB024DB71B}.Debug|Any CPU.ActiveCfg = Debug|Any CPU
		{A1ABFF9D-13CC-477C-85EA-36FB024DB71B}.Debug|Any CPU.Build.0 = Debug|Any CPU
		{A1ABFF9D-13CC-477C-85EA-36FB024DB71B}.Release|Any CPU.ActiveCfg = Release|Any CPU
		{A1ABFF9D-13CC-477C-85EA-36FB024DB71B}.Release|Any CPU.Build.0 = Release|Any CPU
		{6AFBEC83-15A4-45FF-A67F-4D7500DA28F1}.Debug|Any CPU.ActiveCfg = Debug|Any CPU
		{6AFBEC83-15A4-45FF-A67F-4D7500DA28F1}.Debug|Any CPU.Build.0 = Debug|Any CPU
		{6AFBEC83-15A4-45FF-A67F-4D7500DA28F1}.Release|Any CPU.ActiveCfg = Release|Any CPU
		{6AFBEC83-15A4-45FF-A67F-4D7500DA28F1}.Release|Any CPU.Build.0 = Release|Any CPU
	EndGlobalSection
EndGlobal
